# THIS IS AN AUTOGENERATED FILE. DO NOT EDIT THIS FILE DIRECTLY.
# yarn lockfile v1


fs@^0.0.1-security:
  version "0.0.1-security"
  resolved "https://registry.yarnpkg.com/fs/-/fs-0.0.1-security.tgz#8a7bd37186b6dddf3813f23858b57ecaaf5e41d4"
  integrity sha512-3XY9e1pP0CVEUCdj5BmfIZxRBTSDycnbqhIOGec9QYtmVH2fbLpj86CFWkrNOkt/Fvty4KZG5lTglL9j/gJ87w==

xstate@^4.38.2:
  version "4.38.2"
  resolved "https://registry.yarnpkg.com/xstate/-/xstate-4.38.2.tgz#1b74544fc9c8c6c713ba77f81c6017e65aa89804"
  integrity sha512-Fba/DwEPDLneHT3tbJ9F3zafbQXszOlyCJyQqqdzmtlY/cwE2th462KK48yaANf98jHlP6lJvxfNtN0LFKXPQg==
